
Microsoft Visual Studio Solution File, Format Version 12.00
# Visual Studio Version 17
VisualStudioVersion = 17.8.34330.188
MinimumVisualStudioVersion = 10.0.40219.1
Project("{9A19103F-16F7-4668-BE54-9A1E7A4F7556}") = "Practice", "Practice.csproj", "{C865B41D-1ED5-400C-A6AB-C1543AADCB31}"
EndProject
Project("{9A19103F-16F7-4668-BE54-9A1E7A4F7556}") = "WebApis", "..\WebApis\WebApis.csproj", "{3FE30B3A-7AFE-4DAF-A046-F57733F89DB0}"
EndProject
Project("{9A19103F-16F7-4668-BE54-9A1E7A4F7556}") = "WebApp", "..\WebApp\WebApp.csproj", "{6F947236-A836-497E-85C6-568210F6D51E}"
EndProject
Project("{9A19103F-16F7-4668-BE54-9A1E7A4F7556}") = "AuthDemos", "..\AuthDemos\AuthDemos.csproj", "{95047BDA-D22D-41D7-956E-8AF7AACF21C1}"
EndProject
Project("{9A19103F-16F7-4668-BE54-9A1E7A4F7556}") = "MongoDemo", "..\MongoDemo\MongoDemo.csproj", "{F6CC16E7-7D27-4959-8F4D-7642F48A6241}"
EndProject
Project("{9A19103F-16F7-4668-BE54-9A1E7A4F7556}") = "RedisDemo", "..\RedisDemo\RedisDemo.csproj", "{8FA50E66-85ED-48D4-83BD-0AE57B37C3A7}"
EndProject
Project("{9A19103F-16F7-4668-BE54-9A1E7A4F7556}") = "MySQLDemo", "..\MySQLDemo\MySQLDemo.csproj", "{FD0620BF-6F9E-4576-885B-42D8868E63DC}"
EndProject
Project("{9A19103F-16F7-4668-BE54-9A1E7A4F7556}") = "PostgresDemo", "..\PostgresDemo\PostgresDemo.csproj", "{807F7D5E-B5C0-460B-9B38-96D22684AFA7}"
EndProject
Project("{9A19103F-16F7-4668-BE54-9A1E7A4F7556}") = "SolrDemo", "..\SolrDemo\SolrDemo.csproj", "{CCB87276-A2B7-44E7-B90B-BF7CFC3AB98F}"
EndProject
Project("{9A19103F-16F7-4668-BE54-9A1E7A4F7556}") = "RabbitMQDemo", "..\RabbitMQDemo\RabbitMQDemo.csproj", "{2B3CC2F5-6E47-4459-919E-26C4BE2DB471}"
EndProject
Project("{9A19103F-16F7-4668-BE54-9A1E7A4F7556}") = "PrometheusDemo", "..\PrometheusDemo\PrometheusDemo.csproj", "{4E0D87BC-2BC6-40C6-BACC-F8A26986C35D}"
EndProject
Project("{9A19103F-16F7-4668-BE54-9A1E7A4F7556}") = "ReactJsDemo", "..\ReactJsDemo\ReactJsDemo.csproj", "{66021793-9732-448E-8C4C-8DDDC3B963D7}"
EndProject
Project("{9A19103F-16F7-4668-BE54-9A1E7A4F7556}") = "AngularDemo", "..\AngularDemo\AngularDemo.csproj", "{0257E367-0D85-4A2E-AA2E-A08B1B7B2C8D}"
EndProject
Project("{9A19103F-16F7-4668-BE54-9A1E7A4F7556}") = "AzureDemo", "..\AzureDemo\AzureDemo.csproj", "{5EF2B8F1-28FD-4209-A5F9-4353AF2B1A64}"
EndProject
Project("{9A19103F-16F7-4668-BE54-9A1E7A4F7556}") = "MicroServicesDemo", "..\MicroServicesDemo\MicroServicesDemo.csproj", "{638ADD86-E06D-4DC5-BA67-90CA167D43B9}"
EndProject
Project("{9A19103F-16F7-4668-BE54-9A1E7A4F7556}") = "ADONETDemo", "..\ADONETDemo\ADONETDemo.csproj", "{D7185D0B-D165-460C-8ABA-CEE3716A7882}"
EndProject
Project("{9A19103F-16F7-4668-BE54-9A1E7A4F7556}") = "EFCoreDemo", "..\EFCoreDemo\EFCoreDemo.csproj", "{72EB3604-FC88-4FBC-8EDB-BA2FD3980D47}"
EndProject
Project("{9A19103F-16F7-4668-BE54-9A1E7A4F7556}") = "ConsoleDemo", "..\ConsoleDemo\ConsoleDemo.csproj", "{3DBA059D-8642-47E3-92B1-741B2C920961}"
EndProject
Project("{9A19103F-16F7-4668-BE54-9A1E7A4F7556}") = "ImageAppDemo", "..\ImageAppDemo\ImageAppDemo.csproj", "{F501627F-D2FF-4279-9C5E-9B7C09E16D19}"
EndProject
Project("{9A19103F-16F7-4668-BE54-9A1E7A4F7556}") = "ClassLibraryDemo", "..\ClassLibraryDemo\ClassLibraryDemo.csproj", "{AD6EAEF0-EC76-4503-957E-ABE42E02CF83}"
EndProject
Project("{9A19103F-16F7-4668-BE54-9A1E7A4F7556}") = "WorkerServiceDemo", "..\WorkerServiceDemo\WorkerServiceDemo.csproj", "{3A305C73-25BC-4D8E-8C1A-8973C7740BDA}"
EndProject
Project("{9A19103F-16F7-4668-BE54-9A1E7A4F7556}") = "WinFormsAppDemo", "..\WinFormsAppDemo\WinFormsAppDemo.csproj", "{FDD39B47-1367-4438-9819-FE0F83EACF0E}"
EndProject
Project("{9A19103F-16F7-4668-BE54-9A1E7A4F7556}") = "WpfAppDemo", "..\WpfAppDemo\WpfAppDemo.csproj", "{B7E30193-7AB4-48A6-A9F1-5BDB55D31BC2}"
EndProject
Project("{FAE04EC0-301F-11D3-BF4B-00C04F79EFBC}") = "UnitTestDemo", "..\UnitTestDemo\UnitTestDemo.csproj", "{37DB630F-40ED-4F33-9FCF-C038044FC8DD}"
EndProject
Project("{FAE04EC0-301F-11D3-BF4B-00C04F79EFBC}") = "MinimalAPIDemo", "..\MInimalAPIDemo\MinimalAPIDemo.csproj", "{DC49D95A-7AC7-4106-8382-61D9C9854DA9}"
EndProject
Project("{FAE04EC0-301F-11D3-BF4B-00C04F79EFBC}") = "SignalRDemo", "..\SignalRDemo\SignalRDemo.csproj", "{F3EBC5A6-5D3B-4D79-802E-A211CBC77F6C}"
EndProject
Project("{FAE04EC0-301F-11D3-BF4B-00C04F79EFBC}") = "GrpcServiceDemo", "..\GrpcServiceDemo\GrpcServiceDemo.csproj", "{E3796098-3661-4E1C-8A49-D6779D94C1E2}"
EndProject
Project("{FAE04EC0-301F-11D3-BF4B-00C04F79EFBC}") = "DockerDemo", "..\DockerDemo\DockerDemo.csproj", "{C1F00D7B-B38A-40E7-BAF5-D513FF18F774}"
EndProject
Project("{FAE04EC0-301F-11D3-BF4B-00C04F79EFBC}") = "SPADemo", "..\SPADemo\SPADemo.csproj", "{84D317CF-17BC-4D49-B0D8-589EA5AC1044}"
EndProject
Project("{FAE04EC0-301F-11D3-BF4B-00C04F79EFBC}") = "ServiceDiscoveryDemo", "..\ServiceDiscoveryDemo\ServiceDiscoveryDemo.csproj", "{BCA84A2B-FDE0-4336-BB7D-514272B3BB6A}"
EndProject
Project("{FAE04EC0-301F-11D3-BF4B-00C04F79EFBC}") = "APIGateWayDemo", "..\APIGateWayDemo\APIGateWayDemo.csproj", "{D3A42D43-4C82-4CFD-918D-E017FF1061A4}"
EndProject
Project("{FAE04EC0-301F-11D3-BF4B-00C04F79EFBC}") = "SeriLogDemo", "..\SeriLogDemo\SeriLogDemo.csproj", "{9B58C26A-5236-429D-88BF-7AD5BEF2BC08}"
EndProject
Project("{FAE04EC0-301F-11D3-BF4B-00C04F79EFBC}") = "SteelToeDemo", "..\SteelToeDemo\SteelToeDemo.csproj", "{F8BD734A-5119-4E1F-B020-C001FBBDBCBF}"
EndProject
Global
	GlobalSection(SolutionConfigurationPlatforms) = preSolution
		Debug|Any CPU = Debug|Any CPU
		Release|Any CPU = Release|Any CPU
	EndGlobalSection
	GlobalSection(ProjectConfigurationPlatforms) = postSolution
		{C865B41D-1ED5-400C-A6AB-C1543AADCB31}.Debug|Any CPU.ActiveCfg = Debug|Any CPU
		{C865B41D-1ED5-400C-A6AB-C1543AADCB31}.Debug|Any CPU.Build.0 = Debug|Any CPU
		{C865B41D-1ED5-400C-A6AB-C1543AADCB31}.Release|Any CPU.ActiveCfg = Release|Any CPU
		{C865B41D-1ED5-400C-A6AB-C1543AADCB31}.Release|Any CPU.Build.0 = Release|Any CPU
		{3FE30B3A-7AFE-4DAF-A046-F57733F89DB0}.Debug|Any CPU.ActiveCfg = Debug|Any CPU
		{3FE30B3A-7AFE-4DAF-A046-F57733F89DB0}.Debug|Any CPU.Build.0 = Debug|Any CPU
		{3FE30B3A-7AFE-4DAF-A046-F57733F89DB0}.Release|Any CPU.ActiveCfg = Release|Any CPU
		{3FE30B3A-7AFE-4DAF-A046-F57733F89DB0}.Release|Any CPU.Build.0 = Release|Any CPU
		{6F947236-A836-497E-85C6-568210F6D51E}.Debug|Any CPU.ActiveCfg = Debug|Any CPU
		{6F947236-A836-497E-85C6-568210F6D51E}.Debug|Any CPU.Build.0 = Debug|Any CPU
		{6F947236-A836-497E-85C6-568210F6D51E}.Release|Any CPU.ActiveCfg = Release|Any CPU
		{6F947236-A836-497E-85C6-568210F6D51E}.Release|Any CPU.Build.0 = Release|Any CPU
		{95047BDA-D22D-41D7-956E-8AF7AACF21C1}.Debug|Any CPU.ActiveCfg = Debug|Any CPU
		{95047BDA-D22D-41D7-956E-8AF7AACF21C1}.Debug|Any CPU.Build.0 = Debug|Any CPU
		{95047BDA-D22D-41D7-956E-8AF7AACF21C1}.Release|Any CPU.ActiveCfg = Release|Any CPU
		{95047BDA-D22D-41D7-956E-8AF7AACF21C1}.Release|Any CPU.Build.0 = Release|Any CPU
		{F6CC16E7-7D27-4959-8F4D-7642F48A6241}.Debug|Any CPU.ActiveCfg = Debug|Any CPU
		{F6CC16E7-7D27-4959-8F4D-7642F48A6241}.Debug|Any CPU.Build.0 = Debug|Any CPU
		{F6CC16E7-7D27-4959-8F4D-7642F48A6241}.Release|Any CPU.ActiveCfg = Release|Any CPU
		{F6CC16E7-7D27-4959-8F4D-7642F48A6241}.Release|Any CPU.Build.0 = Release|Any CPU
		{8FA50E66-85ED-48D4-83BD-0AE57B37C3A7}.Debug|Any CPU.ActiveCfg = Debug|Any CPU
		{8FA50E66-85ED-48D4-83BD-0AE57B37C3A7}.Debug|Any CPU.Build.0 = Debug|Any CPU
		{8FA50E66-85ED-48D4-83BD-0AE57B37C3A7}.Release|Any CPU.ActiveCfg = Release|Any CPU
		{8FA50E66-85ED-48D4-83BD-0AE57B37C3A7}.Release|Any CPU.Build.0 = Release|Any CPU
		{FD0620BF-6F9E-4576-885B-42D8868E63DC}.Debug|Any CPU.ActiveCfg = Debug|Any CPU
		{FD0620BF-6F9E-4576-885B-42D8868E63DC}.Debug|Any CPU.Build.0 = Debug|Any CPU
		{FD0620BF-6F9E-4576-885B-42D8868E63DC}.Release|Any CPU.ActiveCfg = Release|Any CPU
		{FD0620BF-6F9E-4576-885B-42D8868E63DC}.Release|Any CPU.Build.0 = Release|Any CPU
		{807F7D5E-B5C0-460B-9B38-96D22684AFA7}.Debug|Any CPU.ActiveCfg = Debug|Any CPU
		{807F7D5E-B5C0-460B-9B38-96D22684AFA7}.Debug|Any CPU.Build.0 = Debug|Any CPU
		{807F7D5E-B5C0-460B-9B38-96D22684AFA7}.Release|Any CPU.ActiveCfg = Release|Any CPU
		{807F7D5E-B5C0-460B-9B38-96D22684AFA7}.Release|Any CPU.Build.0 = Release|Any CPU
		{CCB87276-A2B7-44E7-B90B-BF7CFC3AB98F}.Debug|Any CPU.ActiveCfg = Debug|Any CPU
		{CCB87276-A2B7-44E7-B90B-BF7CFC3AB98F}.Debug|Any CPU.Build.0 = Debug|Any CPU
		{CCB87276-A2B7-44E7-B90B-BF7CFC3AB98F}.Release|Any CPU.ActiveCfg = Release|Any CPU
		{CCB87276-A2B7-44E7-B90B-BF7CFC3AB98F}.Release|Any CPU.Build.0 = Release|Any CPU
		{2B3CC2F5-6E47-4459-919E-26C4BE2DB471}.Debug|Any CPU.ActiveCfg = Debug|Any CPU
		{2B3CC2F5-6E47-4459-919E-26C4BE2DB471}.Debug|Any CPU.Build.0 = Debug|Any CPU
		{2B3CC2F5-6E47-4459-919E-26C4BE2DB471}.Release|Any CPU.ActiveCfg = Release|Any CPU
		{2B3CC2F5-6E47-4459-919E-26C4BE2DB471}.Release|Any CPU.Build.0 = Release|Any CPU
		{4E0D87BC-2BC6-40C6-BACC-F8A26986C35D}.Debug|Any CPU.ActiveCfg = Debug|Any CPU
		{4E0D87BC-2BC6-40C6-BACC-F8A26986C35D}.Debug|Any CPU.Build.0 = Debug|Any CPU
		{4E0D87BC-2BC6-40C6-BACC-F8A26986C35D}.Release|Any CPU.ActiveCfg = Release|Any CPU
		{4E0D87BC-2BC6-40C6-BACC-F8A26986C35D}.Release|Any CPU.Build.0 = Release|Any CPU
		{66021793-9732-448E-8C4C-8DDDC3B963D7}.Debug|Any CPU.ActiveCfg = Debug|Any CPU
		{66021793-9732-448E-8C4C-8DDDC3B963D7}.Debug|Any CPU.Build.0 = Debug|Any CPU
		{66021793-9732-448E-8C4C-8DDDC3B963D7}.Release|Any CPU.ActiveCfg = Release|Any CPU
		{66021793-9732-448E-8C4C-8DDDC3B963D7}.Release|Any CPU.Build.0 = Release|Any CPU
		{0257E367-0D85-4A2E-AA2E-A08B1B7B2C8D}.Debug|Any CPU.ActiveCfg = Debug|Any CPU
		{0257E367-0D85-4A2E-AA2E-A08B1B7B2C8D}.Debug|Any CPU.Build.0 = Debug|Any CPU
		{0257E367-0D85-4A2E-AA2E-A08B1B7B2C8D}.Release|Any CPU.ActiveCfg = Release|Any CPU
		{0257E367-0D85-4A2E-AA2E-A08B1B7B2C8D}.Release|Any CPU.Build.0 = Release|Any CPU
		{5EF2B8F1-28FD-4209-A5F9-4353AF2B1A64}.Debug|Any CPU.ActiveCfg = Debug|Any CPU
		{5EF2B8F1-28FD-4209-A5F9-4353AF2B1A64}.Debug|Any CPU.Build.0 = Debug|Any CPU
		{5EF2B8F1-28FD-4209-A5F9-4353AF2B1A64}.Release|Any CPU.ActiveCfg = Release|Any CPU
		{5EF2B8F1-28FD-4209-A5F9-4353AF2B1A64}.Release|Any CPU.Build.0 = Release|Any CPU
		{638ADD86-E06D-4DC5-BA67-90CA167D43B9}.Debug|Any CPU.ActiveCfg = Debug|Any CPU
		{638ADD86-E06D-4DC5-BA67-90CA167D43B9}.Debug|Any CPU.Build.0 = Debug|Any CPU
		{638ADD86-E06D-4DC5-BA67-90CA167D43B9}.Release|Any CPU.ActiveCfg = Release|Any CPU
		{638ADD86-E06D-4DC5-BA67-90CA167D43B9}.Release|Any CPU.Build.0 = Release|Any CPU
		{D7185D0B-D165-460C-8ABA-CEE3716A7882}.Debug|Any CPU.ActiveCfg = Debug|Any CPU
		{D7185D0B-D165-460C-8ABA-CEE3716A7882}.Debug|Any CPU.Build.0 = Debug|Any CPU
		{D7185D0B-D165-460C-8ABA-CEE3716A7882}.Release|Any CPU.ActiveCfg = Release|Any CPU
		{D7185D0B-D165-460C-8ABA-CEE3716A7882}.Release|Any CPU.Build.0 = Release|Any CPU
		{72EB3604-FC88-4FBC-8EDB-BA2FD3980D47}.Debug|Any CPU.ActiveCfg = Debug|Any CPU
		{72EB3604-FC88-4FBC-8EDB-BA2FD3980D47}.Debug|Any CPU.Build.0 = Debug|Any CPU
		{72EB3604-FC88-4FBC-8EDB-BA2FD3980D47}.Release|Any CPU.ActiveCfg = Release|Any CPU
		{72EB3604-FC88-4FBC-8EDB-BA2FD3980D47}.Release|Any CPU.Build.0 = Release|Any CPU
		{3DBA059D-8642-47E3-92B1-741B2C920961}.Debug|Any CPU.ActiveCfg = Debug|Any CPU
		{3DBA059D-8642-47E3-92B1-741B2C920961}.Debug|Any CPU.Build.0 = Debug|Any CPU
		{3DBA059D-8642-47E3-92B1-741B2C920961}.Release|Any CPU.ActiveCfg = Release|Any CPU
		{3DBA059D-8642-47E3-92B1-741B2C920961}.Release|Any CPU.Build.0 = Release|Any CPU
		{F501627F-D2FF-4279-9C5E-9B7C09E16D19}.Debug|Any CPU.ActiveCfg = Debug|Any CPU
		{F501627F-D2FF-4279-9C5E-9B7C09E16D19}.Debug|Any CPU.Build.0 = Debug|Any CPU
		{F501627F-D2FF-4279-9C5E-9B7C09E16D19}.Release|Any CPU.ActiveCfg = Release|Any CPU
		{F501627F-D2FF-4279-9C5E-9B7C09E16D19}.Release|Any CPU.Build.0 = Release|Any CPU
		{AD6EAEF0-EC76-4503-957E-ABE42E02CF83}.Debug|Any CPU.ActiveCfg = Debug|Any CPU
		{AD6EAEF0-EC76-4503-957E-ABE42E02CF83}.Debug|Any CPU.Build.0 = Debug|Any CPU
		{AD6EAEF0-EC76-4503-957E-ABE42E02CF83}.Release|Any CPU.ActiveCfg = Release|Any CPU
		{AD6EAEF0-EC76-4503-957E-ABE42E02CF83}.Release|Any CPU.Build.0 = Release|Any CPU
		{3A305C73-25BC-4D8E-8C1A-8973C7740BDA}.Debug|Any CPU.ActiveCfg = Debug|Any CPU
		{3A305C73-25BC-4D8E-8C1A-8973C7740BDA}.Debug|Any CPU.Build.0 = Debug|Any CPU
		{3A305C73-25BC-4D8E-8C1A-8973C7740BDA}.Release|Any CPU.ActiveCfg = Release|Any CPU
		{3A305C73-25BC-4D8E-8C1A-8973C7740BDA}.Release|Any CPU.Build.0 = Release|Any CPU
		{FDD39B47-1367-4438-9819-FE0F83EACF0E}.Debug|Any CPU.ActiveCfg = Debug|Any CPU
		{FDD39B47-1367-4438-9819-FE0F83EACF0E}.Debug|Any CPU.Build.0 = Debug|Any CPU
		{FDD39B47-1367-4438-9819-FE0F83EACF0E}.Release|Any CPU.ActiveCfg = Release|Any CPU
		{FDD39B47-1367-4438-9819-FE0F83EACF0E}.Release|Any CPU.Build.0 = Release|Any CPU
		{B7E30193-7AB4-48A6-A9F1-5BDB55D31BC2}.Debug|Any CPU.ActiveCfg = Debug|Any CPU
		{B7E30193-7AB4-48A6-A9F1-5BDB55D31BC2}.Debug|Any CPU.Build.0 = Debug|Any CPU
		{B7E30193-7AB4-48A6-A9F1-5BDB55D31BC2}.Release|Any CPU.ActiveCfg = Release|Any CPU
		{B7E30193-7AB4-48A6-A9F1-5BDB55D31BC2}.Release|Any CPU.Build.0 = Release|Any CPU
		{37DB630F-40ED-4F33-9FCF-C038044FC8DD}.Debug|Any CPU.ActiveCfg = Debug|Any CPU
		{37DB630F-40ED-4F33-9FCF-C038044FC8DD}.Debug|Any CPU.Build.0 = Debug|Any CPU
		{37DB630F-40ED-4F33-9FCF-C038044FC8DD}.Release|Any CPU.ActiveCfg = Release|Any CPU
		{37DB630F-40ED-4F33-9FCF-C038044FC8DD}.Release|Any CPU.Build.0 = Release|Any CPU
		{DC49D95A-7AC7-4106-8382-61D9C9854DA9}.Debug|Any CPU.ActiveCfg = Debug|Any CPU
		{DC49D95A-7AC7-4106-8382-61D9C9854DA9}.Debug|Any CPU.Build.0 = Debug|Any CPU
		{DC49D95A-7AC7-4106-8382-61D9C9854DA9}.Release|Any CPU.ActiveCfg = Release|Any CPU
		{DC49D95A-7AC7-4106-8382-61D9C9854DA9}.Release|Any CPU.Build.0 = Release|Any CPU
		{F3EBC5A6-5D3B-4D79-802E-A211CBC77F6C}.Debug|Any CPU.ActiveCfg = Debug|Any CPU
		{F3EBC5A6-5D3B-4D79-802E-A211CBC77F6C}.Debug|Any CPU.Build.0 = Debug|Any CPU
		{F3EBC5A6-5D3B-4D79-802E-A211CBC77F6C}.Release|Any CPU.ActiveCfg = Release|Any CPU
		{F3EBC5A6-5D3B-4D79-802E-A211CBC77F6C}.Release|Any CPU.Build.0 = Release|Any CPU
		{E3796098-3661-4E1C-8A49-D6779D94C1E2}.Debug|Any CPU.ActiveCfg = Debug|Any CPU
		{E3796098-3661-4E1C-8A49-D6779D94C1E2}.Debug|Any CPU.Build.0 = Debug|Any CPU
		{E3796098-3661-4E1C-8A49-D6779D94C1E2}.Release|Any CPU.ActiveCfg = Release|Any CPU
		{E3796098-3661-4E1C-8A49-D6779D94C1E2}.Release|Any CPU.Build.0 = Release|Any CPU
		{C1F00D7B-B38A-40E7-BAF5-D513FF18F774}.Debug|Any CPU.ActiveCfg = Debug|Any CPU
		{C1F00D7B-B38A-40E7-BAF5-D513FF18F774}.Debug|Any CPU.Build.0 = Debug|Any CPU
		{C1F00D7B-B38A-40E7-BAF5-D513FF18F774}.Release|Any CPU.ActiveCfg = Release|Any CPU
		{C1F00D7B-B38A-40E7-BAF5-D513FF18F774}.Release|Any CPU.Build.0 = Release|Any CPU
		{84D317CF-17BC-4D49-B0D8-589EA5AC1044}.Debug|Any CPU.ActiveCfg = Debug|Any CPU
		{84D317CF-17BC-4D49-B0D8-589EA5AC1044}.Debug|Any CPU.Build.0 = Debug|Any CPU
		{84D317CF-17BC-4D49-B0D8-589EA5AC1044}.Release|Any CPU.ActiveCfg = Release|Any CPU
		{84D317CF-17BC-4D49-B0D8-589EA5AC1044}.Release|Any CPU.Build.0 = Release|Any CPU
		{BCA84A2B-FDE0-4336-BB7D-514272B3BB6A}.Debug|Any CPU.ActiveCfg = Debug|Any CPU
		{BCA84A2B-FDE0-4336-BB7D-514272B3BB6A}.Debug|Any CPU.Build.0 = Debug|Any CPU
		{BCA84A2B-FDE0-4336-BB7D-514272B3BB6A}.Release|Any CPU.ActiveCfg = Release|Any CPU
		{BCA84A2B-FDE0-4336-BB7D-514272B3BB6A}.Release|Any CPU.Build.0 = Release|Any CPU
		{D3A42D43-4C82-4CFD-918D-E017FF1061A4}.Debug|Any CPU.ActiveCfg = Debug|Any CPU
		{D3A42D43-4C82-4CFD-918D-E017FF1061A4}.Debug|Any CPU.Build.0 = Debug|Any CPU
		{D3A42D43-4C82-4CFD-918D-E017FF1061A4}.Release|Any CPU.ActiveCfg = Release|Any CPU
		{D3A42D43-4C82-4CFD-918D-E017FF1061A4}.Release|Any CPU.Build.0 = Release|Any CPU
		{9B58C26A-5236-429D-88BF-7AD5BEF2BC08}.Debug|Any CPU.ActiveCfg = Debug|Any CPU
		{9B58C26A-5236-429D-88BF-7AD5BEF2BC08}.Debug|Any CPU.Build.0 = Debug|Any CPU
		{9B58C26A-5236-429D-88BF-7AD5BEF2BC08}.Release|Any CPU.ActiveCfg = Release|Any CPU
		{9B58C26A-5236-429D-88BF-7AD5BEF2BC08}.Release|Any CPU.Build.0 = Release|Any CPU
		{F8BD734A-5119-4E1F-B020-C001FBBDBCBF}.Debug|Any CPU.ActiveCfg = Debug|Any CPU
		{F8BD734A-5119-4E1F-B020-C001FBBDBCBF}.Debug|Any CPU.Build.0 = Debug|Any CPU
		{F8BD734A-5119-4E1F-B020-C001FBBDBCBF}.Release|Any CPU.ActiveCfg = Release|Any CPU
		{F8BD734A-5119-4E1F-B020-C001FBBDBCBF}.Release|Any CPU.Build.0 = Release|Any CPU
	EndGlobalSection
	GlobalSection(SolutionProperties) = preSolution
		HideSolutionNode = FALSE
	EndGlobalSection
	GlobalSection(ExtensibilityGlobals) = postSolution
		SolutionGuid = {BD812DAB-5F0C-46F2-AD27-A705695A5CA4}
	EndGlobalSection
EndGlobal
