
Microsoft Visual Studio Solution File, Format Version 12.00
# Visual Studio Version 17
VisualStudioVersion = 17.8.34330.188
MinimumVisualStudioVersion = 10.0.40219.1
Project("{9A19103F-16F7-4668-BE54-9A1E7A4F7556}") = "Practice", "Practice.csproj", "{C865B41D-1ED5-400C-A6AB-C1543AADCB31}"
EndProject
Project("{9A19103F-16F7-4668-BE54-9A1E7A4F7556}") = "WebApis", "..\WebApis\WebApis.csproj", "{3FE30B3A-7AFE-4DAF-A046-F57733F89DB0}"
EndProject
Project("{9A19103F-16F7-4668-BE54-9A1E7A4F7556}") = "WebApp", "..\WebApp\WebApp.csproj", "{6F947236-A836-497E-85C6-568210F6D51E}"
EndProject
Project("{9A19103F-16F7-4668-BE54-9A1E7A4F7556}") = "AuthDemos", "..\AuthDemos\AuthDemos.csproj", "{95047BDA-D22D-41D7-956E-8AF7AACF21C1}"
EndProject
Project("{9A19103F-16F7-4668-BE54-9A1E7A4F7556}") = "MongoDemo", "..\MongoDemo\MongoDemo.csproj", "{F6CC16E7-7D27-4959-8F4D-7642F48A6241}"
EndProject
Project("{9A19103F-16F7-4668-BE54-9A1E7A4F7556}") = "RedisDemo", "..\RedisDemo\RedisDemo.csproj", "{8FA50E66-85ED-48D4-83BD-0AE57B37C3A7}"
EndProject
Project("{9A19103F-16F7-4668-BE54-9A1E7A4F7556}") = "MySQLDemo", "..\MySQLDemo\MySQLDemo.csproj", "{FD0620BF-6F9E-4576-885B-42D8868E63DC}"
EndProject
Project("{9A19103F-16F7-4668-BE54-9A1E7A4F7556}") = "PostgresDemo", "..\PostgresDemo\PostgresDemo.csproj", "{807F7D5E-B5C0-460B-9B38-96D22684AFA7}"
EndProject
Project("{9A19103F-16F7-4668-BE54-9A1E7A4F7556}") = "SolrDemo", "..\SolrDemo\SolrDemo.csproj", "{CCB87276-A2B7-44E7-B90B-BF7CFC3AB98F}"
EndProject
Project("{9A19103F-16F7-4668-BE54-9A1E7A4F7556}") = "RabbitMQDemo", "..\RabbitMQDemo\RabbitMQDemo.csproj", "{2B3CC2F5-6E47-4459-919E-26C4BE2DB471}"
EndProject
Project("{9A19103F-16F7-4668-BE54-9A1E7A4F7556}") = "PrometheusDemo", "..\PrometheusDemo\PrometheusDemo.csproj", "{4E0D87BC-2BC6-40C6-BACC-F8A26986C35D}"
EndProject
Project("{9A19103F-16F7-4668-BE54-9A1E7A4F7556}") = "ReactJsDemo", "..\ReactJsDemo\ReactJsDemo.csproj", "{66021793-9732-448E-8C4C-8DDDC3B963D7}"
EndProject
Project("{9A19103F-16F7-4668-BE54-9A1E7A4F7556}") = "AngularDemo", "..\AngularDemo\AngularDemo.csproj", "{0257E367-0D85-4A2E-AA2E-A08B1B7B2C8D}"
EndProject
Project("{9A19103F-16F7-4668-BE54-9A1E7A4F7556}") = "AzureDemo", "..\AzureDemo\AzureDemo.csproj", "{5EF2B8F1-28FD-4209-A5F9-4353AF2B1A64}"
EndProject
Project("{9A19103F-16F7-4668-BE54-9A1E7A4F7556}") = "MicroServicesDemo", "..\MicroServicesDemo\MicroServicesDemo.csproj", "{638ADD86-E06D-4DC5-BA67-90CA167D43B9}"
EndProject
Project("{9A19103F-16F7-4668-BE54-9A1E7A4F7556}") = "ADONETDemo", "..\ADONETDemo\ADONETDemo.csproj", "{D7185D0B-D165-460C-8ABA-CEE3716A7882}"
EndProject
Project("{9A19103F-16F7-4668-BE54-9A1E7A4F7556}") = "EFCoreDemo", "..\EFCoreDemo\EFCoreDemo.csproj", "{72EB3604-FC88-4FBC-8EDB-BA2FD3980D47}"
EndProject
Project("{9A19103F-16F7-4668-BE54-9A1E7A4F7556}") = "ConsoleDemo", "..\ConsoleDemo\ConsoleDemo.csproj", "{3DBA059D-8642-47E3-92B1-741B2C920961}"
EndProject
Project("{9A19103F-16F7-4668-BE54-9A1E7A4F7556}") = "ImageAppDemo", "..\ImageAppDemo\ImageAppDemo.csproj", "{F501627F-D2FF-4279-9C5E-9B7C09E16D19}"
EndProject
Project("{9A19103F-16F7-4668-BE54-9A1E7A4F7556}") = "ClassLibraryDemo", "..\ClassLibraryDemo\ClassLibraryDemo.csproj", "{AD6EAEF0-EC76-4503-957E-ABE42E02CF83}"
EndProject
Project("{9A19103F-16F7-4668-BE54-9A1E7A4F7556}") = "WorkerServiceDemo", "..\WorkerServiceDemo\WorkerServiceDemo.csproj", "{3A305C73-25BC-4D8E-8C1A-8973C7740BDA}"
EndProject
Project("{9A19103F-16F7-4668-BE54-9A1E7A4F7556}") = "WinFormsAppDemo", "..\WinFormsAppDemo\WinFormsAppDemo.csproj", "{FDD39B47-1367-4438-9819-FE0F83EACF0E}"
EndProject
Project("{9A19103F-16F7-4668-BE54-9A1E7A4F7556}") = "WpfAppDemo", "..\WpfAppDemo\WpfAppDemo.csproj", "{B7E30193-7AB4-48A6-A9F1-5BDB55D31BC2}"
EndProject
Project("{FAE04EC0-301F-11D3-BF4B-00C04F79EFBC}") = "UnitTestDemo", "..\UnitTestDemo\UnitTestDemo.csproj", "{37DB630F-40ED-4F33-9FCF-C038044FC8DD}"
EndProject
Project("{9A19103F-16F7-4668-BE54-9A1E7A4F7556}") = "MinimalAPIDemo", "..\MInimalAPIDemo\MinimalAPIDemo.csproj", "{DC49D95A-7AC7-4106-8382-61D9C9854DA9}"
EndProject
Project("{9A19103F-16F7-4668-BE54-9A1E7A4F7556}") = "SignalRDemo", "..\SignalRDemo\SignalRDemo.csproj", "{F3EBC5A6-5D3B-4D79-802E-A211CBC77F6C}"
EndProject
Project("{9A19103F-16F7-4668-BE54-9A1E7A4F7556}") = "GrpcServiceDemo", "..\GrpcServiceDemo\GrpcServiceDemo.csproj", "{E3796098-3661-4E1C-8A49-D6779D94C1E2}"
EndProject
Project("{9A19103F-16F7-4668-BE54-9A1E7A4F7556}") = "DockerDemo", "..\DockerDemo\DockerDemo.csproj", "{C1F00D7B-B38A-40E7-BAF5-D513FF18F774}"
EndProject
Project("{9A19103F-16F7-4668-BE54-9A1E7A4F7556}") = "SPADemo", "..\SPADemo\SPADemo.csproj", "{84D317CF-17BC-4D49-B0D8-589EA5AC1044}"
EndProject
Project("{9A19103F-16F7-4668-BE54-9A1E7A4F7556}") = "ServiceDiscoveryDemo", "..\ServiceDiscoveryDemo\ServiceDiscoveryDemo.csproj", "{BCA84A2B-FDE0-4336-BB7D-514272B3BB6A}"
EndProject
Project("{9A19103F-16F7-4668-BE54-9A1E7A4F7556}") = "APIGateWayDemo", "..\APIGateWayDemo\APIGateWayDemo.csproj", "{D3A42D43-4C82-4CFD-918D-E017FF1061A4}"
EndProject
Project("{9A19103F-16F7-4668-BE54-9A1E7A4F7556}") = "SeriLogDemo", "..\SeriLogDemo\SeriLogDemo.csproj", "{9B58C26A-5236-429D-88BF-7AD5BEF2BC08}"
EndProject
Project("{9A19103F-16F7-4668-BE54-9A1E7A4F7556}") = "SteelToeDemo", "..\SteelToeDemo\SteelToeDemo.csproj", "{F8BD734A-5119-4E1F-B020-C001FBBDBCBF}"
EndProject
Project("{2150E333-8FDC-42A3-9474-1A3956D46DE8}") = "RabbitMQ", "RabbitMQ", "{43F3FF77-1617-4F03-B6F2-0C3F2BB8D2D4}"
	ProjectSection(SolutionItems) = preProject
		Readme.txt = Readme.txt
	EndProjectSection
EndProject
Project("{9A19103F-16F7-4668-BE54-9A1E7A4F7556}") = "RMQProducer", "..\RMQProducer\RMQProducer.csproj", "{FE7322E0-6F8A-4D12-A362-FDD73E8B6613}"
EndProject
Project("{9A19103F-16F7-4668-BE54-9A1E7A4F7556}") = "RMQConsumer", "..\RMQConsumer\RMQConsumer.csproj", "{576DAC4D-3330-4194-AD3C-67FBB47DFDCB}"
EndProject
Project("{2150E333-8FDC-42A3-9474-1A3956D46DE8}") = "Authentication", "Authentication", "{455A8933-C187-4AB5-8982-9730083412F0}"
EndProject
Project("{9A19103F-16F7-4668-BE54-9A1E7A4F7556}") = "JWTGenerator", "..\JWTGenerator\JWTGenerator.csproj", "{B192833D-B4C9-460E-8895-8A4B7C16EB14}"
EndProject
Project("{2150E333-8FDC-42A3-9474-1A3956D46DE8}") = "Databases", "Databases", "{104144E3-D53F-4131-AF4D-A03E5866D7FF}"
EndProject
Project("{2150E333-8FDC-42A3-9474-1A3956D46DE8}") = "Realtime", "Realtime", "{8C09A453-48F4-4DE8-9A6C-6DE2947913DB}"
EndProject
Project("{2150E333-8FDC-42A3-9474-1A3956D46DE8}") = "Media", "Media", "{4BA50A16-B616-45AE-9001-558E7014E003}"
EndProject
Project("{2150E333-8FDC-42A3-9474-1A3956D46DE8}") = "UI", "UI", "{C8A22533-8F45-4406-94D4-B5C3F6870DCE}"
EndProject
Project("{2150E333-8FDC-42A3-9474-1A3956D46DE8}") = "Cloud", "Cloud", "{28F24FF5-DC2B-4FA7-95E1-F956EC75E8C6}"
EndProject
Project("{2150E333-8FDC-42A3-9474-1A3956D46DE8}") = "Redis", "Redis", "{6B85DA3C-9623-4D06-8247-8EC2648FB569}"
EndProject
Project("{2150E333-8FDC-42A3-9474-1A3956D46DE8}") = "Steeltoe", "Steeltoe", "{59ACE750-43CC-4F2B-AF9A-4A777D3FEABE}"
EndProject
Project("{2150E333-8FDC-42A3-9474-1A3956D46DE8}") = "Testing", "Testing", "{A0380C18-1FAF-44F0-A6E7-D775BD1F76DE}"
EndProject
Project("{9A19103F-16F7-4668-BE54-9A1E7A4F7556}") = "NUnitTestDemo", "..\NUnitTestDemo\NUnitTestDemo.csproj", "{2EF7838C-F54B-42BB-BE80-C6E2D9408C74}"
EndProject
Project("{9A19103F-16F7-4668-BE54-9A1E7A4F7556}") = "XunitTestDemo", "..\XunitTestDemo\XunitTestDemo.csproj", "{9F246385-E177-4ACF-9B33-8220903178A2}"
EndProject
Project("{2150E333-8FDC-42A3-9474-1A3956D46DE8}") = "Windows", "Windows", "{74E65FC6-01D5-4B06-A7CC-BFCFAE83714C}"
EndProject
Project("{2150E333-8FDC-42A3-9474-1A3956D46DE8}") = "MicroServices", "MicroServices", "{F7551B66-CC41-4A9D-B3B9-271796F11F20}"
EndProject
Project("{9A19103F-16F7-4668-BE54-9A1E7A4F7556}") = "CircuitBreakersDemo", "..\CircuitBreakersDemo\CircuitBreakersDemo.csproj", "{C3600497-F701-4CF9-90BD-58C74D95599D}"
EndProject
Project("{9A19103F-16F7-4668-BE54-9A1E7A4F7556}") = "EventSourcing", "..\EventSourcing\EventSourcing.csproj", "{9D2205E3-2C82-4945-B9AC-775FCECDB200}"
EndProject
Project("{2150E333-8FDC-42A3-9474-1A3956D46DE8}") = "Tracing", "Tracing", "{3CEA6C12-F218-4D91-AE4A-D58E7F439473}"
EndProject
Project("{9A19103F-16F7-4668-BE54-9A1E7A4F7556}") = "ZipkinDemo", "..\ZipkinDemo\ZipkinDemo.csproj", "{C9E90CFE-BDE4-4212-8D62-09C76895AED2}"
EndProject
Project("{9A19103F-16F7-4668-BE54-9A1E7A4F7556}") = "MssqlDemo", "..\MssqlDemo\MssqlDemo.csproj", "{F316BAD4-1E28-40FE-A075-18D71C77E95F}"
EndProject
Project("{FAE04EC0-301F-11D3-BF4B-00C04F79EFBC}") = "ClassicASPDemo", "..\ClassicASPDemo\ClassicASPDemo.csproj", "{E1AE5B8E-523F-4F1A-A0AA-1EDB20C1FC66}"
EndProject
Project("{2150E333-8FDC-42A3-9474-1A3956D46DE8}") = "Webhooks", "Webhooks", "{662CD986-B212-4F85-BCDF-E8D58CDF6261}"
EndProject
Project("{9A19103F-16F7-4668-BE54-9A1E7A4F7556}") = "WebhooksDemo", "..\WebhooksDemo\WebhooksDemo.csproj", "{DE5A954F-89E4-42E0-A924-F5D72E907B72}"
EndProject
Project("{2150E333-8FDC-42A3-9474-1A3956D46DE8}") = "CompetitiveProgramming", "CompetitiveProgramming", "{67A7D624-9843-42F1-BB8A-16C3AD9B4E0D}"
EndProject
Project("{9A19103F-16F7-4668-BE54-9A1E7A4F7556}") = "CP", "..\CP\CP.csproj", "{CCD4BFB7-20FD-460C-90CB-7D76D43C7050}"
EndProject
Project("{9A19103F-16F7-4668-BE54-9A1E7A4F7556}") = "AWSDemo", "..\AWSDemo\AWSDemo.csproj", "{8454772D-06E1-4903-8999-84D5368343F2}"
EndProject
Project("{9A19103F-16F7-4668-BE54-9A1E7A4F7556}") = "GoogleCloudDemo", "..\GoogleCloudDemo\GoogleCloudDemo.csproj", "{3D08B22E-C339-461B-87BE-20FEA3F1435E}"
EndProject
Project("{2150E333-8FDC-42A3-9474-1A3956D46DE8}") = "Websockets", "Websockets", "{7A302CBB-FD92-4638-B86E-6D92E8CA8BBB}"
EndProject
Project("{2150E333-8FDC-42A3-9474-1A3956D46DE8}") = "RPC", "RPC", "{6D99CB57-BC1A-488D-8C69-BEFFBDAB6E5C}"
EndProject
Project("{9A19103F-16F7-4668-BE54-9A1E7A4F7556}") = "WebsocketsDemo", "..\WebsocketsDemo\WebsocketsDemo.csproj", "{B378755C-F355-4018-9F1C-D86F510F6C7C}"
EndProject
Project("{9A19103F-16F7-4668-BE54-9A1E7A4F7556}") = "RPCDemo", "..\RPCDemo\RPCDemo.csproj", "{1330D39F-4C0F-4515-B2FC-9B139F6E3405}"
EndProject
Project("{FAE04EC0-301F-11D3-BF4B-00C04F79EFBC}") = "OcelotDemo", "..\OcelotDemo\OcelotDemo.csproj", "{8DD2CD53-94F4-4653-8FE7-30B1A6E47E11}"
EndProject
Project("{2150E333-8FDC-42A3-9474-1A3956D46DE8}") = "DesignPatterns", "DesignPatterns", "{B3304B56-C37B-4887-9E2E-FDBF9E46A044}"
EndProject
Project("{FAE04EC0-301F-11D3-BF4B-00C04F79EFBC}") = "DesignPatterns", "..\DesignPatterns\DesignPatterns.csproj", "{F1A44F9C-61F2-425E-B11C-BF10CE67FA2A}"
EndProject
Project("{FAE04EC0-301F-11D3-BF4B-00C04F79EFBC}") = "TokenGenerators", "..\TokenGenerators\TokenGenerators.csproj", "{7AB0A5A6-7918-45C3-B307-F76B9AC8F1E3}"
EndProject
Global
	GlobalSection(SolutionConfigurationPlatforms) = preSolution
		Debug|Any CPU = Debug|Any CPU
		Release|Any CPU = Release|Any CPU
	EndGlobalSection
	GlobalSection(ProjectConfigurationPlatforms) = postSolution
		{C865B41D-1ED5-400C-A6AB-C1543AADCB31}.Debug|Any CPU.ActiveCfg = Debug|Any CPU
		{C865B41D-1ED5-400C-A6AB-C1543AADCB31}.Debug|Any CPU.Build.0 = Debug|Any CPU
		{C865B41D-1ED5-400C-A6AB-C1543AADCB31}.Release|Any CPU.ActiveCfg = Release|Any CPU
		{C865B41D-1ED5-400C-A6AB-C1543AADCB31}.Release|Any CPU.Build.0 = Release|Any CPU
		{3FE30B3A-7AFE-4DAF-A046-F57733F89DB0}.Debug|Any CPU.ActiveCfg = Debug|Any CPU
		{3FE30B3A-7AFE-4DAF-A046-F57733F89DB0}.Debug|Any CPU.Build.0 = Debug|Any CPU
		{3FE30B3A-7AFE-4DAF-A046-F57733F89DB0}.Release|Any CPU.ActiveCfg = Release|Any CPU
		{3FE30B3A-7AFE-4DAF-A046-F57733F89DB0}.Release|Any CPU.Build.0 = Release|Any CPU
		{6F947236-A836-497E-85C6-568210F6D51E}.Debug|Any CPU.ActiveCfg = Debug|Any CPU
		{6F947236-A836-497E-85C6-568210F6D51E}.Debug|Any CPU.Build.0 = Debug|Any CPU
		{6F947236-A836-497E-85C6-568210F6D51E}.Release|Any CPU.ActiveCfg = Release|Any CPU
		{6F947236-A836-497E-85C6-568210F6D51E}.Release|Any CPU.Build.0 = Release|Any CPU
		{95047BDA-D22D-41D7-956E-8AF7AACF21C1}.Debug|Any CPU.ActiveCfg = Debug|Any CPU
		{95047BDA-D22D-41D7-956E-8AF7AACF21C1}.Debug|Any CPU.Build.0 = Debug|Any CPU
		{95047BDA-D22D-41D7-956E-8AF7AACF21C1}.Release|Any CPU.ActiveCfg = Release|Any CPU
		{95047BDA-D22D-41D7-956E-8AF7AACF21C1}.Release|Any CPU.Build.0 = Release|Any CPU
		{F6CC16E7-7D27-4959-8F4D-7642F48A6241}.Debug|Any CPU.ActiveCfg = Debug|Any CPU
		{F6CC16E7-7D27-4959-8F4D-7642F48A6241}.Debug|Any CPU.Build.0 = Debug|Any CPU
		{F6CC16E7-7D27-4959-8F4D-7642F48A6241}.Release|Any CPU.ActiveCfg = Release|Any CPU
		{F6CC16E7-7D27-4959-8F4D-7642F48A6241}.Release|Any CPU.Build.0 = Release|Any CPU
		{8FA50E66-85ED-48D4-83BD-0AE57B37C3A7}.Debug|Any CPU.ActiveCfg = Debug|Any CPU
		{8FA50E66-85ED-48D4-83BD-0AE57B37C3A7}.Debug|Any CPU.Build.0 = Debug|Any CPU
		{8FA50E66-85ED-48D4-83BD-0AE57B37C3A7}.Release|Any CPU.ActiveCfg = Release|Any CPU
		{8FA50E66-85ED-48D4-83BD-0AE57B37C3A7}.Release|Any CPU.Build.0 = Release|Any CPU
		{FD0620BF-6F9E-4576-885B-42D8868E63DC}.Debug|Any CPU.ActiveCfg = Debug|Any CPU
		{FD0620BF-6F9E-4576-885B-42D8868E63DC}.Debug|Any CPU.Build.0 = Debug|Any CPU
		{FD0620BF-6F9E-4576-885B-42D8868E63DC}.Release|Any CPU.ActiveCfg = Release|Any CPU
		{FD0620BF-6F9E-4576-885B-42D8868E63DC}.Release|Any CPU.Build.0 = Release|Any CPU
		{807F7D5E-B5C0-460B-9B38-96D22684AFA7}.Debug|Any CPU.ActiveCfg = Debug|Any CPU
		{807F7D5E-B5C0-460B-9B38-96D22684AFA7}.Debug|Any CPU.Build.0 = Debug|Any CPU
		{807F7D5E-B5C0-460B-9B38-96D22684AFA7}.Release|Any CPU.ActiveCfg = Release|Any CPU
		{807F7D5E-B5C0-460B-9B38-96D22684AFA7}.Release|Any CPU.Build.0 = Release|Any CPU
		{CCB87276-A2B7-44E7-B90B-BF7CFC3AB98F}.Debug|Any CPU.ActiveCfg = Debug|Any CPU
		{CCB87276-A2B7-44E7-B90B-BF7CFC3AB98F}.Debug|Any CPU.Build.0 = Debug|Any CPU
		{CCB87276-A2B7-44E7-B90B-BF7CFC3AB98F}.Release|Any CPU.ActiveCfg = Release|Any CPU
		{CCB87276-A2B7-44E7-B90B-BF7CFC3AB98F}.Release|Any CPU.Build.0 = Release|Any CPU
		{2B3CC2F5-6E47-4459-919E-26C4BE2DB471}.Debug|Any CPU.ActiveCfg = Debug|Any CPU
		{2B3CC2F5-6E47-4459-919E-26C4BE2DB471}.Debug|Any CPU.Build.0 = Debug|Any CPU
		{2B3CC2F5-6E47-4459-919E-26C4BE2DB471}.Release|Any CPU.ActiveCfg = Release|Any CPU
		{2B3CC2F5-6E47-4459-919E-26C4BE2DB471}.Release|Any CPU.Build.0 = Release|Any CPU
		{4E0D87BC-2BC6-40C6-BACC-F8A26986C35D}.Debug|Any CPU.ActiveCfg = Debug|Any CPU
		{4E0D87BC-2BC6-40C6-BACC-F8A26986C35D}.Debug|Any CPU.Build.0 = Debug|Any CPU
		{4E0D87BC-2BC6-40C6-BACC-F8A26986C35D}.Release|Any CPU.ActiveCfg = Release|Any CPU
		{4E0D87BC-2BC6-40C6-BACC-F8A26986C35D}.Release|Any CPU.Build.0 = Release|Any CPU
		{66021793-9732-448E-8C4C-8DDDC3B963D7}.Debug|Any CPU.ActiveCfg = Debug|Any CPU
		{66021793-9732-448E-8C4C-8DDDC3B963D7}.Debug|Any CPU.Build.0 = Debug|Any CPU
		{66021793-9732-448E-8C4C-8DDDC3B963D7}.Release|Any CPU.ActiveCfg = Release|Any CPU
		{66021793-9732-448E-8C4C-8DDDC3B963D7}.Release|Any CPU.Build.0 = Release|Any CPU
		{0257E367-0D85-4A2E-AA2E-A08B1B7B2C8D}.Debug|Any CPU.ActiveCfg = Debug|Any CPU
		{0257E367-0D85-4A2E-AA2E-A08B1B7B2C8D}.Debug|Any CPU.Build.0 = Debug|Any CPU
		{0257E367-0D85-4A2E-AA2E-A08B1B7B2C8D}.Release|Any CPU.ActiveCfg = Release|Any CPU
		{0257E367-0D85-4A2E-AA2E-A08B1B7B2C8D}.Release|Any CPU.Build.0 = Release|Any CPU
		{5EF2B8F1-28FD-4209-A5F9-4353AF2B1A64}.Debug|Any CPU.ActiveCfg = Debug|Any CPU
		{5EF2B8F1-28FD-4209-A5F9-4353AF2B1A64}.Debug|Any CPU.Build.0 = Debug|Any CPU
		{5EF2B8F1-28FD-4209-A5F9-4353AF2B1A64}.Release|Any CPU.ActiveCfg = Release|Any CPU
		{5EF2B8F1-28FD-4209-A5F9-4353AF2B1A64}.Release|Any CPU.Build.0 = Release|Any CPU
		{638ADD86-E06D-4DC5-BA67-90CA167D43B9}.Debug|Any CPU.ActiveCfg = Debug|Any CPU
		{638ADD86-E06D-4DC5-BA67-90CA167D43B9}.Debug|Any CPU.Build.0 = Debug|Any CPU
		{638ADD86-E06D-4DC5-BA67-90CA167D43B9}.Release|Any CPU.ActiveCfg = Release|Any CPU
		{638ADD86-E06D-4DC5-BA67-90CA167D43B9}.Release|Any CPU.Build.0 = Release|Any CPU
		{D7185D0B-D165-460C-8ABA-CEE3716A7882}.Debug|Any CPU.ActiveCfg = Debug|Any CPU
		{D7185D0B-D165-460C-8ABA-CEE3716A7882}.Debug|Any CPU.Build.0 = Debug|Any CPU
		{D7185D0B-D165-460C-8ABA-CEE3716A7882}.Release|Any CPU.ActiveCfg = Release|Any CPU
		{D7185D0B-D165-460C-8ABA-CEE3716A7882}.Release|Any CPU.Build.0 = Release|Any CPU
		{72EB3604-FC88-4FBC-8EDB-BA2FD3980D47}.Debug|Any CPU.ActiveCfg = Debug|Any CPU
		{72EB3604-FC88-4FBC-8EDB-BA2FD3980D47}.Debug|Any CPU.Build.0 = Debug|Any CPU
		{72EB3604-FC88-4FBC-8EDB-BA2FD3980D47}.Release|Any CPU.ActiveCfg = Release|Any CPU
		{72EB3604-FC88-4FBC-8EDB-BA2FD3980D47}.Release|Any CPU.Build.0 = Release|Any CPU
		{3DBA059D-8642-47E3-92B1-741B2C920961}.Debug|Any CPU.ActiveCfg = Debug|Any CPU
		{3DBA059D-8642-47E3-92B1-741B2C920961}.Debug|Any CPU.Build.0 = Debug|Any CPU
		{3DBA059D-8642-47E3-92B1-741B2C920961}.Release|Any CPU.ActiveCfg = Release|Any CPU
		{3DBA059D-8642-47E3-92B1-741B2C920961}.Release|Any CPU.Build.0 = Release|Any CPU
		{F501627F-D2FF-4279-9C5E-9B7C09E16D19}.Debug|Any CPU.ActiveCfg = Debug|Any CPU
		{F501627F-D2FF-4279-9C5E-9B7C09E16D19}.Debug|Any CPU.Build.0 = Debug|Any CPU
		{F501627F-D2FF-4279-9C5E-9B7C09E16D19}.Release|Any CPU.ActiveCfg = Release|Any CPU
		{F501627F-D2FF-4279-9C5E-9B7C09E16D19}.Release|Any CPU.Build.0 = Release|Any CPU
		{AD6EAEF0-EC76-4503-957E-ABE42E02CF83}.Debug|Any CPU.ActiveCfg = Debug|Any CPU
		{AD6EAEF0-EC76-4503-957E-ABE42E02CF83}.Debug|Any CPU.Build.0 = Debug|Any CPU
		{AD6EAEF0-EC76-4503-957E-ABE42E02CF83}.Release|Any CPU.ActiveCfg = Release|Any CPU
		{AD6EAEF0-EC76-4503-957E-ABE42E02CF83}.Release|Any CPU.Build.0 = Release|Any CPU
		{3A305C73-25BC-4D8E-8C1A-8973C7740BDA}.Debug|Any CPU.ActiveCfg = Debug|Any CPU
		{3A305C73-25BC-4D8E-8C1A-8973C7740BDA}.Debug|Any CPU.Build.0 = Debug|Any CPU
		{3A305C73-25BC-4D8E-8C1A-8973C7740BDA}.Release|Any CPU.ActiveCfg = Release|Any CPU
		{3A305C73-25BC-4D8E-8C1A-8973C7740BDA}.Release|Any CPU.Build.0 = Release|Any CPU
		{FDD39B47-1367-4438-9819-FE0F83EACF0E}.Debug|Any CPU.ActiveCfg = Debug|Any CPU
		{FDD39B47-1367-4438-9819-FE0F83EACF0E}.Debug|Any CPU.Build.0 = Debug|Any CPU
		{FDD39B47-1367-4438-9819-FE0F83EACF0E}.Release|Any CPU.ActiveCfg = Release|Any CPU
		{FDD39B47-1367-4438-9819-FE0F83EACF0E}.Release|Any CPU.Build.0 = Release|Any CPU
		{B7E30193-7AB4-48A6-A9F1-5BDB55D31BC2}.Debug|Any CPU.ActiveCfg = Debug|Any CPU
		{B7E30193-7AB4-48A6-A9F1-5BDB55D31BC2}.Debug|Any CPU.Build.0 = Debug|Any CPU
		{B7E30193-7AB4-48A6-A9F1-5BDB55D31BC2}.Release|Any CPU.ActiveCfg = Release|Any CPU
		{B7E30193-7AB4-48A6-A9F1-5BDB55D31BC2}.Release|Any CPU.Build.0 = Release|Any CPU
		{37DB630F-40ED-4F33-9FCF-C038044FC8DD}.Debug|Any CPU.ActiveCfg = Debug|Any CPU
		{37DB630F-40ED-4F33-9FCF-C038044FC8DD}.Debug|Any CPU.Build.0 = Debug|Any CPU
		{37DB630F-40ED-4F33-9FCF-C038044FC8DD}.Release|Any CPU.ActiveCfg = Release|Any CPU
		{37DB630F-40ED-4F33-9FCF-C038044FC8DD}.Release|Any CPU.Build.0 = Release|Any CPU
		{DC49D95A-7AC7-4106-8382-61D9C9854DA9}.Debug|Any CPU.ActiveCfg = Debug|Any CPU
		{DC49D95A-7AC7-4106-8382-61D9C9854DA9}.Debug|Any CPU.Build.0 = Debug|Any CPU
		{DC49D95A-7AC7-4106-8382-61D9C9854DA9}.Release|Any CPU.ActiveCfg = Release|Any CPU
		{DC49D95A-7AC7-4106-8382-61D9C9854DA9}.Release|Any CPU.Build.0 = Release|Any CPU
		{F3EBC5A6-5D3B-4D79-802E-A211CBC77F6C}.Debug|Any CPU.ActiveCfg = Debug|Any CPU
		{F3EBC5A6-5D3B-4D79-802E-A211CBC77F6C}.Debug|Any CPU.Build.0 = Debug|Any CPU
		{F3EBC5A6-5D3B-4D79-802E-A211CBC77F6C}.Release|Any CPU.ActiveCfg = Release|Any CPU
		{F3EBC5A6-5D3B-4D79-802E-A211CBC77F6C}.Release|Any CPU.Build.0 = Release|Any CPU
		{E3796098-3661-4E1C-8A49-D6779D94C1E2}.Debug|Any CPU.ActiveCfg = Debug|Any CPU
		{E3796098-3661-4E1C-8A49-D6779D94C1E2}.Debug|Any CPU.Build.0 = Debug|Any CPU
		{E3796098-3661-4E1C-8A49-D6779D94C1E2}.Release|Any CPU.ActiveCfg = Release|Any CPU
		{E3796098-3661-4E1C-8A49-D6779D94C1E2}.Release|Any CPU.Build.0 = Release|Any CPU
		{C1F00D7B-B38A-40E7-BAF5-D513FF18F774}.Debug|Any CPU.ActiveCfg = Debug|Any CPU
		{C1F00D7B-B38A-40E7-BAF5-D513FF18F774}.Debug|Any CPU.Build.0 = Debug|Any CPU
		{C1F00D7B-B38A-40E7-BAF5-D513FF18F774}.Release|Any CPU.ActiveCfg = Release|Any CPU
		{C1F00D7B-B38A-40E7-BAF5-D513FF18F774}.Release|Any CPU.Build.0 = Release|Any CPU
		{84D317CF-17BC-4D49-B0D8-589EA5AC1044}.Debug|Any CPU.ActiveCfg = Debug|Any CPU
		{84D317CF-17BC-4D49-B0D8-589EA5AC1044}.Debug|Any CPU.Build.0 = Debug|Any CPU
		{84D317CF-17BC-4D49-B0D8-589EA5AC1044}.Release|Any CPU.ActiveCfg = Release|Any CPU
		{84D317CF-17BC-4D49-B0D8-589EA5AC1044}.Release|Any CPU.Build.0 = Release|Any CPU
		{BCA84A2B-FDE0-4336-BB7D-514272B3BB6A}.Debug|Any CPU.ActiveCfg = Debug|Any CPU
		{BCA84A2B-FDE0-4336-BB7D-514272B3BB6A}.Debug|Any CPU.Build.0 = Debug|Any CPU
		{BCA84A2B-FDE0-4336-BB7D-514272B3BB6A}.Release|Any CPU.ActiveCfg = Release|Any CPU
		{BCA84A2B-FDE0-4336-BB7D-514272B3BB6A}.Release|Any CPU.Build.0 = Release|Any CPU
		{D3A42D43-4C82-4CFD-918D-E017FF1061A4}.Debug|Any CPU.ActiveCfg = Debug|Any CPU
		{D3A42D43-4C82-4CFD-918D-E017FF1061A4}.Debug|Any CPU.Build.0 = Debug|Any CPU
		{D3A42D43-4C82-4CFD-918D-E017FF1061A4}.Release|Any CPU.ActiveCfg = Release|Any CPU
		{D3A42D43-4C82-4CFD-918D-E017FF1061A4}.Release|Any CPU.Build.0 = Release|Any CPU
		{9B58C26A-5236-429D-88BF-7AD5BEF2BC08}.Debug|Any CPU.ActiveCfg = Debug|Any CPU
		{9B58C26A-5236-429D-88BF-7AD5BEF2BC08}.Debug|Any CPU.Build.0 = Debug|Any CPU
		{9B58C26A-5236-429D-88BF-7AD5BEF2BC08}.Release|Any CPU.ActiveCfg = Release|Any CPU
		{9B58C26A-5236-429D-88BF-7AD5BEF2BC08}.Release|Any CPU.Build.0 = Release|Any CPU
		{F8BD734A-5119-4E1F-B020-C001FBBDBCBF}.Debug|Any CPU.ActiveCfg = Debug|Any CPU
		{F8BD734A-5119-4E1F-B020-C001FBBDBCBF}.Debug|Any CPU.Build.0 = Debug|Any CPU
		{F8BD734A-5119-4E1F-B020-C001FBBDBCBF}.Release|Any CPU.ActiveCfg = Release|Any CPU
		{F8BD734A-5119-4E1F-B020-C001FBBDBCBF}.Release|Any CPU.Build.0 = Release|Any CPU
		{FE7322E0-6F8A-4D12-A362-FDD73E8B6613}.Debug|Any CPU.ActiveCfg = Debug|Any CPU
		{FE7322E0-6F8A-4D12-A362-FDD73E8B6613}.Debug|Any CPU.Build.0 = Debug|Any CPU
		{FE7322E0-6F8A-4D12-A362-FDD73E8B6613}.Release|Any CPU.ActiveCfg = Release|Any CPU
		{FE7322E0-6F8A-4D12-A362-FDD73E8B6613}.Release|Any CPU.Build.0 = Release|Any CPU
		{576DAC4D-3330-4194-AD3C-67FBB47DFDCB}.Debug|Any CPU.ActiveCfg = Debug|Any CPU
		{576DAC4D-3330-4194-AD3C-67FBB47DFDCB}.Debug|Any CPU.Build.0 = Debug|Any CPU
		{576DAC4D-3330-4194-AD3C-67FBB47DFDCB}.Release|Any CPU.ActiveCfg = Release|Any CPU
		{576DAC4D-3330-4194-AD3C-67FBB47DFDCB}.Release|Any CPU.Build.0 = Release|Any CPU
		{B192833D-B4C9-460E-8895-8A4B7C16EB14}.Debug|Any CPU.ActiveCfg = Debug|Any CPU
		{B192833D-B4C9-460E-8895-8A4B7C16EB14}.Debug|Any CPU.Build.0 = Debug|Any CPU
		{B192833D-B4C9-460E-8895-8A4B7C16EB14}.Release|Any CPU.ActiveCfg = Release|Any CPU
		{B192833D-B4C9-460E-8895-8A4B7C16EB14}.Release|Any CPU.Build.0 = Release|Any CPU
		{2EF7838C-F54B-42BB-BE80-C6E2D9408C74}.Debug|Any CPU.ActiveCfg = Debug|Any CPU
		{2EF7838C-F54B-42BB-BE80-C6E2D9408C74}.Debug|Any CPU.Build.0 = Debug|Any CPU
		{2EF7838C-F54B-42BB-BE80-C6E2D9408C74}.Release|Any CPU.ActiveCfg = Release|Any CPU
		{2EF7838C-F54B-42BB-BE80-C6E2D9408C74}.Release|Any CPU.Build.0 = Release|Any CPU
		{9F246385-E177-4ACF-9B33-8220903178A2}.Debug|Any CPU.ActiveCfg = Debug|Any CPU
		{9F246385-E177-4ACF-9B33-8220903178A2}.Debug|Any CPU.Build.0 = Debug|Any CPU
		{9F246385-E177-4ACF-9B33-8220903178A2}.Release|Any CPU.ActiveCfg = Release|Any CPU
		{9F246385-E177-4ACF-9B33-8220903178A2}.Release|Any CPU.Build.0 = Release|Any CPU
		{C3600497-F701-4CF9-90BD-58C74D95599D}.Debug|Any CPU.ActiveCfg = Debug|Any CPU
		{C3600497-F701-4CF9-90BD-58C74D95599D}.Debug|Any CPU.Build.0 = Debug|Any CPU
		{C3600497-F701-4CF9-90BD-58C74D95599D}.Release|Any CPU.ActiveCfg = Release|Any CPU
		{C3600497-F701-4CF9-90BD-58C74D95599D}.Release|Any CPU.Build.0 = Release|Any CPU
		{9D2205E3-2C82-4945-B9AC-775FCECDB200}.Debug|Any CPU.ActiveCfg = Debug|Any CPU
		{9D2205E3-2C82-4945-B9AC-775FCECDB200}.Debug|Any CPU.Build.0 = Debug|Any CPU
		{9D2205E3-2C82-4945-B9AC-775FCECDB200}.Release|Any CPU.ActiveCfg = Release|Any CPU
		{9D2205E3-2C82-4945-B9AC-775FCECDB200}.Release|Any CPU.Build.0 = Release|Any CPU
		{C9E90CFE-BDE4-4212-8D62-09C76895AED2}.Debug|Any CPU.ActiveCfg = Debug|Any CPU
		{C9E90CFE-BDE4-4212-8D62-09C76895AED2}.Debug|Any CPU.Build.0 = Debug|Any CPU
		{C9E90CFE-BDE4-4212-8D62-09C76895AED2}.Release|Any CPU.ActiveCfg = Release|Any CPU
		{C9E90CFE-BDE4-4212-8D62-09C76895AED2}.Release|Any CPU.Build.0 = Release|Any CPU
		{F316BAD4-1E28-40FE-A075-18D71C77E95F}.Debug|Any CPU.ActiveCfg = Debug|Any CPU
		{F316BAD4-1E28-40FE-A075-18D71C77E95F}.Debug|Any CPU.Build.0 = Debug|Any CPU
		{F316BAD4-1E28-40FE-A075-18D71C77E95F}.Release|Any CPU.ActiveCfg = Release|Any CPU
		{F316BAD4-1E28-40FE-A075-18D71C77E95F}.Release|Any CPU.Build.0 = Release|Any CPU
		{E1AE5B8E-523F-4F1A-A0AA-1EDB20C1FC66}.Debug|Any CPU.ActiveCfg = Debug|Any CPU
		{E1AE5B8E-523F-4F1A-A0AA-1EDB20C1FC66}.Debug|Any CPU.Build.0 = Debug|Any CPU
		{E1AE5B8E-523F-4F1A-A0AA-1EDB20C1FC66}.Release|Any CPU.ActiveCfg = Release|Any CPU
		{E1AE5B8E-523F-4F1A-A0AA-1EDB20C1FC66}.Release|Any CPU.Build.0 = Release|Any CPU
		{DE5A954F-89E4-42E0-A924-F5D72E907B72}.Debug|Any CPU.ActiveCfg = Debug|Any CPU
		{DE5A954F-89E4-42E0-A924-F5D72E907B72}.Debug|Any CPU.Build.0 = Debug|Any CPU
		{DE5A954F-89E4-42E0-A924-F5D72E907B72}.Release|Any CPU.ActiveCfg = Release|Any CPU
		{DE5A954F-89E4-42E0-A924-F5D72E907B72}.Release|Any CPU.Build.0 = Release|Any CPU
		{CCD4BFB7-20FD-460C-90CB-7D76D43C7050}.Debug|Any CPU.ActiveCfg = Debug|Any CPU
		{CCD4BFB7-20FD-460C-90CB-7D76D43C7050}.Debug|Any CPU.Build.0 = Debug|Any CPU
		{CCD4BFB7-20FD-460C-90CB-7D76D43C7050}.Release|Any CPU.ActiveCfg = Release|Any CPU
		{CCD4BFB7-20FD-460C-90CB-7D76D43C7050}.Release|Any CPU.Build.0 = Release|Any CPU
		{8454772D-06E1-4903-8999-84D5368343F2}.Debug|Any CPU.ActiveCfg = Debug|Any CPU
		{8454772D-06E1-4903-8999-84D5368343F2}.Debug|Any CPU.Build.0 = Debug|Any CPU
		{8454772D-06E1-4903-8999-84D5368343F2}.Release|Any CPU.ActiveCfg = Release|Any CPU
		{8454772D-06E1-4903-8999-84D5368343F2}.Release|Any CPU.Build.0 = Release|Any CPU
		{3D08B22E-C339-461B-87BE-20FEA3F1435E}.Debug|Any CPU.ActiveCfg = Debug|Any CPU
		{3D08B22E-C339-461B-87BE-20FEA3F1435E}.Debug|Any CPU.Build.0 = Debug|Any CPU
		{3D08B22E-C339-461B-87BE-20FEA3F1435E}.Release|Any CPU.ActiveCfg = Release|Any CPU
		{3D08B22E-C339-461B-87BE-20FEA3F1435E}.Release|Any CPU.Build.0 = Release|Any CPU
		{B378755C-F355-4018-9F1C-D86F510F6C7C}.Debug|Any CPU.ActiveCfg = Debug|Any CPU
		{B378755C-F355-4018-9F1C-D86F510F6C7C}.Debug|Any CPU.Build.0 = Debug|Any CPU
		{B378755C-F355-4018-9F1C-D86F510F6C7C}.Release|Any CPU.ActiveCfg = Release|Any CPU
		{B378755C-F355-4018-9F1C-D86F510F6C7C}.Release|Any CPU.Build.0 = Release|Any CPU
		{1330D39F-4C0F-4515-B2FC-9B139F6E3405}.Debug|Any CPU.ActiveCfg = Debug|Any CPU
		{1330D39F-4C0F-4515-B2FC-9B139F6E3405}.Debug|Any CPU.Build.0 = Debug|Any CPU
		{1330D39F-4C0F-4515-B2FC-9B139F6E3405}.Release|Any CPU.ActiveCfg = Release|Any CPU
		{1330D39F-4C0F-4515-B2FC-9B139F6E3405}.Release|Any CPU.Build.0 = Release|Any CPU
		{8DD2CD53-94F4-4653-8FE7-30B1A6E47E11}.Debug|Any CPU.ActiveCfg = Debug|Any CPU
		{8DD2CD53-94F4-4653-8FE7-30B1A6E47E11}.Debug|Any CPU.Build.0 = Debug|Any CPU
		{8DD2CD53-94F4-4653-8FE7-30B1A6E47E11}.Release|Any CPU.ActiveCfg = Release|Any CPU
		{8DD2CD53-94F4-4653-8FE7-30B1A6E47E11}.Release|Any CPU.Build.0 = Release|Any CPU
		{F1A44F9C-61F2-425E-B11C-BF10CE67FA2A}.Debug|Any CPU.ActiveCfg = Debug|Any CPU
		{F1A44F9C-61F2-425E-B11C-BF10CE67FA2A}.Debug|Any CPU.Build.0 = Debug|Any CPU
		{F1A44F9C-61F2-425E-B11C-BF10CE67FA2A}.Release|Any CPU.ActiveCfg = Release|Any CPU
		{F1A44F9C-61F2-425E-B11C-BF10CE67FA2A}.Release|Any CPU.Build.0 = Release|Any CPU
		{7AB0A5A6-7918-45C3-B307-F76B9AC8F1E3}.Debug|Any CPU.ActiveCfg = Debug|Any CPU
		{7AB0A5A6-7918-45C3-B307-F76B9AC8F1E3}.Debug|Any CPU.Build.0 = Debug|Any CPU
		{7AB0A5A6-7918-45C3-B307-F76B9AC8F1E3}.Release|Any CPU.ActiveCfg = Release|Any CPU
		{7AB0A5A6-7918-45C3-B307-F76B9AC8F1E3}.Release|Any CPU.Build.0 = Release|Any CPU
	EndGlobalSection
	GlobalSection(SolutionProperties) = preSolution
		HideSolutionNode = FALSE
	EndGlobalSection
	GlobalSection(NestedProjects) = preSolution
		{95047BDA-D22D-41D7-956E-8AF7AACF21C1} = {455A8933-C187-4AB5-8982-9730083412F0}
		{F6CC16E7-7D27-4959-8F4D-7642F48A6241} = {104144E3-D53F-4131-AF4D-A03E5866D7FF}
		{8FA50E66-85ED-48D4-83BD-0AE57B37C3A7} = {6B85DA3C-9623-4D06-8247-8EC2648FB569}
		{FD0620BF-6F9E-4576-885B-42D8868E63DC} = {104144E3-D53F-4131-AF4D-A03E5866D7FF}
		{807F7D5E-B5C0-460B-9B38-96D22684AFA7} = {104144E3-D53F-4131-AF4D-A03E5866D7FF}
		{2B3CC2F5-6E47-4459-919E-26C4BE2DB471} = {43F3FF77-1617-4F03-B6F2-0C3F2BB8D2D4}
		{4E0D87BC-2BC6-40C6-BACC-F8A26986C35D} = {8C09A453-48F4-4DE8-9A6C-6DE2947913DB}
		{66021793-9732-448E-8C4C-8DDDC3B963D7} = {C8A22533-8F45-4406-94D4-B5C3F6870DCE}
		{0257E367-0D85-4A2E-AA2E-A08B1B7B2C8D} = {C8A22533-8F45-4406-94D4-B5C3F6870DCE}
		{5EF2B8F1-28FD-4209-A5F9-4353AF2B1A64} = {28F24FF5-DC2B-4FA7-95E1-F956EC75E8C6}
		{638ADD86-E06D-4DC5-BA67-90CA167D43B9} = {F7551B66-CC41-4A9D-B3B9-271796F11F20}
		{D7185D0B-D165-460C-8ABA-CEE3716A7882} = {104144E3-D53F-4131-AF4D-A03E5866D7FF}
		{72EB3604-FC88-4FBC-8EDB-BA2FD3980D47} = {104144E3-D53F-4131-AF4D-A03E5866D7FF}
		{F501627F-D2FF-4279-9C5E-9B7C09E16D19} = {4BA50A16-B616-45AE-9001-558E7014E003}
		{FDD39B47-1367-4438-9819-FE0F83EACF0E} = {74E65FC6-01D5-4B06-A7CC-BFCFAE83714C}
		{37DB630F-40ED-4F33-9FCF-C038044FC8DD} = {A0380C18-1FAF-44F0-A6E7-D775BD1F76DE}
		{F3EBC5A6-5D3B-4D79-802E-A211CBC77F6C} = {8C09A453-48F4-4DE8-9A6C-6DE2947913DB}
		{BCA84A2B-FDE0-4336-BB7D-514272B3BB6A} = {59ACE750-43CC-4F2B-AF9A-4A777D3FEABE}
		{D3A42D43-4C82-4CFD-918D-E017FF1061A4} = {F7551B66-CC41-4A9D-B3B9-271796F11F20}
		{9B58C26A-5236-429D-88BF-7AD5BEF2BC08} = {3CEA6C12-F218-4D91-AE4A-D58E7F439473}
		{F8BD734A-5119-4E1F-B020-C001FBBDBCBF} = {59ACE750-43CC-4F2B-AF9A-4A777D3FEABE}
		{FE7322E0-6F8A-4D12-A362-FDD73E8B6613} = {43F3FF77-1617-4F03-B6F2-0C3F2BB8D2D4}
		{576DAC4D-3330-4194-AD3C-67FBB47DFDCB} = {43F3FF77-1617-4F03-B6F2-0C3F2BB8D2D4}
		{B192833D-B4C9-460E-8895-8A4B7C16EB14} = {455A8933-C187-4AB5-8982-9730083412F0}
		{2EF7838C-F54B-42BB-BE80-C6E2D9408C74} = {A0380C18-1FAF-44F0-A6E7-D775BD1F76DE}
		{9F246385-E177-4ACF-9B33-8220903178A2} = {A0380C18-1FAF-44F0-A6E7-D775BD1F76DE}
		{C3600497-F701-4CF9-90BD-58C74D95599D} = {F7551B66-CC41-4A9D-B3B9-271796F11F20}
		{9D2205E3-2C82-4945-B9AC-775FCECDB200} = {F7551B66-CC41-4A9D-B3B9-271796F11F20}
		{C9E90CFE-BDE4-4212-8D62-09C76895AED2} = {3CEA6C12-F218-4D91-AE4A-D58E7F439473}
		{F316BAD4-1E28-40FE-A075-18D71C77E95F} = {104144E3-D53F-4131-AF4D-A03E5866D7FF}
		{DE5A954F-89E4-42E0-A924-F5D72E907B72} = {662CD986-B212-4F85-BCDF-E8D58CDF6261}
		{CCD4BFB7-20FD-460C-90CB-7D76D43C7050} = {67A7D624-9843-42F1-BB8A-16C3AD9B4E0D}
		{8454772D-06E1-4903-8999-84D5368343F2} = {28F24FF5-DC2B-4FA7-95E1-F956EC75E8C6}
		{3D08B22E-C339-461B-87BE-20FEA3F1435E} = {28F24FF5-DC2B-4FA7-95E1-F956EC75E8C6}
		{B378755C-F355-4018-9F1C-D86F510F6C7C} = {7A302CBB-FD92-4638-B86E-6D92E8CA8BBB}
		{1330D39F-4C0F-4515-B2FC-9B139F6E3405} = {6D99CB57-BC1A-488D-8C69-BEFFBDAB6E5C}
		{8DD2CD53-94F4-4653-8FE7-30B1A6E47E11} = {F7551B66-CC41-4A9D-B3B9-271796F11F20}
		{F1A44F9C-61F2-425E-B11C-BF10CE67FA2A} = {B3304B56-C37B-4887-9E2E-FDBF9E46A044}
		{7AB0A5A6-7918-45C3-B307-F76B9AC8F1E3} = {455A8933-C187-4AB5-8982-9730083412F0}
	EndGlobalSection
	GlobalSection(ExtensibilityGlobals) = postSolution
		SolutionGuid = {BD812DAB-5F0C-46F2-AD27-A705695A5CA4}
	EndGlobalSection
EndGlobal
